
Microsoft Visual Studio Solution File, Format Version 12.00
# Visual Studio 2013
VisualStudioVersion = 12.0.31101.0
MinimumVisualStudioVersion = 10.0.40219.1
Project("{8BC9CEB8-8B4A-11D0-8D11-00A0C91BC942}") = "chromakey", "chromakey\chromakey.vcxproj", "{311560D9-42ED-4FBE-A051-8633B24B0DEF}"
EndProject
Project("{8BC9CEB8-8B4A-11D0-8D11-00A0C91BC942}") = "sample2", "sample2\sample2.vcxproj", "{E84AED49-00D8-4166-AEB1-9879FE6DF27A}"
EndProject
Project("{8BC9CEB8-8B4A-11D0-8D11-00A0C91BC942}") = "sample", "sample\sample.vcxproj", "{73FE1B92-A1E3-4D4C-988A-05F35A979C63}"
EndProject
Project("{8BC9CEB8-8B4A-11D0-8D11-00A0C91BC942}") = "sample3", "sample3\sample3.vcxproj", "{86932AB9-2520-460A-A99A-039C92570894}"
EndProject
Global
	GlobalSection(SolutionConfigurationPlatforms) = preSolution
		Debug|Win32 = Debug|Win32
		Release|Win32 = Release|Win32
	EndGlobalSection
	GlobalSection(ProjectConfigurationPlatforms) = postSolution
		{311560D9-42ED-4FBE-A051-8633B24B0DEF}.Debug|Win32.ActiveCfg = Debug|Win32
		{311560D9-42ED-4FBE-A051-8633B24B0DEF}.Debug|Win32.Build.0 = Debug|Win32
		{311560D9-42ED-4FBE-A051-8633B24B0DEF}.Release|Win32.ActiveCfg = Release|Win32
		{311560D9-42ED-4FBE-A051-8633B24B0DEF}.Release|Win32.Build.0 = Release|Win32
		{E84AED49-00D8-4166-AEB1-9879FE6DF27A}.Debug|Win32.ActiveCfg = Debug|Win32
		{E84AED49-00D8-4166-AEB1-9879FE6DF27A}.Debug|Win32.Build.0 = Debug|Win32
		{E84AED49-00D8-4166-AEB1-9879FE6DF27A}.Release|Win32.ActiveCfg = Release|Win32
		{E84AED49-00D8-4166-AEB1-9879FE6DF27A}.Release|Win32.Build.0 = Release|Win32
		{73FE1B92-A1E3-4D4C-988A-05F35A979C63}.Debug|Win32.ActiveCfg = Debug|Win32
		{73FE1B92-A1E3-4D4C-988A-05F35A979C63}.Debug|Win32.Build.0 = Debug|Win32
		{73FE1B92-A1E3-4D4C-988A-05F35A979C63}.Release|Win32.ActiveCfg = Release|Win32
		{73FE1B92-A1E3-4D4C-988A-05F35A979C63}.Release|Win32.Build.0 = Release|Win32
		{86932AB9-2520-460A-A99A-039C92570894}.Debug|Win32.ActiveCfg = Debug|Win32
		{86932AB9-2520-460A-A99A-039C92570894}.Debug|Win32.Build.0 = Debug|Win32
		{86932AB9-2520-460A-A99A-039C92570894}.Release|Win32.ActiveCfg = Release|Win32
		{86932AB9-2520-460A-A99A-039C92570894}.Release|Win32.Build.0 = Release|Win32
	EndGlobalSection
	GlobalSection(SolutionProperties) = preSolution
		HideSolutionNode = FALSE
	EndGlobalSection
EndGlobal
